// !$*UTF8*$!
{
	archiveVersion = 1;
	classes = {
	};
	objectVersion = 46;
	objects = {

/* Begin PBXBuildFile section */
		D9926EA51CEA62660057AD60 /* main.m in Sources */ = {isa = PBXBuildFile; fileRef = D9926EA41CEA62660057AD60 /* main.m */; };
		D9926EA81CEA62660057AD60 /* AppDelegate.m in Sources */ = {isa = PBXBuildFile; fileRef = D9926EA71CEA62660057AD60 /* AppDelegate.m */; };
		D9926EAE1CEA62660057AD60 /* Main.storyboard in Resources */ = {isa = PBXBuildFile; fileRef = D9926EAC1CEA62660057AD60 /* Main.storyboard */; };
		D9926EB11CEA62660057AD60 /* PlaylistBrowser.xcdatamodeld in Sources */ = {isa = PBXBuildFile; fileRef = D9926EAF1CEA62660057AD60 /* PlaylistBrowser.xcdatamodeld */; };
		D9926EB31CEA62660057AD60 /* Assets.xcassets in Resources */ = {isa = PBXBuildFile; fileRef = D9926EB21CEA62660057AD60 /* Assets.xcassets */; };
		D9926EB61CEA62660057AD60 /* LaunchScreen.storyboard in Resources */ = {isa = PBXBuildFile; fileRef = D9926EB41CEA62660057AD60 /* LaunchScreen.storyboard */; };
		D9926EC11CEA62660057AD60 /* PlaylistBrowserTests.m in Sources */ = {isa = PBXBuildFile; fileRef = D9926EC01CEA62660057AD60 /* PlaylistBrowserTests.m */; };
		D9926ECC1CEA62660057AD60 /* PlaylistBrowserUITests.m in Sources */ = {isa = PBXBuildFile; fileRef = D9926ECB1CEA62660057AD60 /* PlaylistBrowserUITests.m */; };
		D9926EE11CEA62870057AD60 /* PlaylistMasterViewController.m in Sources */ = {isa = PBXBuildFile; fileRef = D9926EDA1CEA62870057AD60 /* PlaylistMasterViewController.m */; };
		D9926EE21CEA62870057AD60 /* PlaylistDetailViewController.m in Sources */ = {isa = PBXBuildFile; fileRef = D9926EDC1CEA62870057AD60 /* PlaylistDetailViewController.m */; };
		D9926EE31CEA62870057AD60 /* MusicLibrary.m in Sources */ = {isa = PBXBuildFile; fileRef = D9926EDE1CEA62870057AD60 /* MusicLibrary.m */; };
		D9926EE41CEA62870057AD60 /* Playlist.m in Sources */ = {isa = PBXBuildFile; fileRef = D9926EE01CEA62870057AD60 /* Playlist.m */; };
/* End PBXBuildFile section */

/* Begin PBXContainerItemProxy section */
		D9926EBD1CEA62660057AD60 /* PBXContainerItemProxy */ = {
			isa = PBXContainerItemProxy;
			containerPortal = D9926E981CEA62660057AD60 /* Project object */;
			proxyType = 1;
			remoteGlobalIDString = D9926E9F1CEA62660057AD60;
			remoteInfo = PlaylistBrowser;
		};
		D9926EC81CEA62660057AD60 /* PBXContainerItemProxy */ = {
			isa = PBXContainerItemProxy;
			containerPortal = D9926E981CEA62660057AD60 /* Project object */;
			proxyType = 1;
			remoteGlobalIDString = D9926E9F1CEA62660057AD60;
			remoteInfo = PlaylistBrowser;
		};
/* End PBXContainerItemProxy section */

/* Begin PBXFileReference section */
		D9926EA01CEA62660057AD60 /* PlaylistBrowser.app */ = {isa = PBXFileReference; explicitFileType = wrapper.application; includeInIndex = 0; path = PlaylistBrowser.app; sourceTree = BUILT_PRODUCTS_DIR; };
		D9926EA41CEA62660057AD60 /* main.m */ = {isa = PBXFileReference; lastKnownFileType = sourcecode.c.objc; path = main.m; sourceTree = "<group>"; };
		D9926EA61CEA62660057AD60 /* AppDelegate.h */ = {isa = PBXFileReference; lastKnownFileType = sourcecode.c.h; path = AppDelegate.h; sourceTree = "<group>"; };
		D9926EA71CEA62660057AD60 /* AppDelegate.m */ = {isa = PBXFileReference; lastKnownFileType = sourcecode.c.objc; path = AppDelegate.m; sourceTree = "<group>"; };
		D9926EAD1CEA62660057AD60 /* Base */ = {isa = PBXFileReference; lastKnownFileType = file.storyboard; name = Base; path = Base.lproj/Main.storyboard; sourceTree = "<group>"; };
		D9926EB01CEA62660057AD60 /* PlaylistBrowser.xcdatamodel */ = {isa = PBXFileReference; lastKnownFileType = wrapper.xcdatamodel; path = PlaylistBrowser.xcdatamodel; sourceTree = "<group>"; };
		D9926EB21CEA62660057AD60 /* Assets.xcassets */ = {isa = PBXFileReference; lastKnownFileType = folder.assetcatalog; path = Assets.xcassets; sourceTree = "<group>"; };
		D9926EB51CEA62660057AD60 /* Base */ = {isa = PBXFileReference; lastKnownFileType = file.storyboard; name = Base; path = Base.lproj/LaunchScreen.storyboard; sourceTree = "<group>"; };
		D9926EB71CEA62660057AD60 /* Info.plist */ = {isa = PBXFileReference; lastKnownFileType = text.plist.xml; path = Info.plist; sourceTree = "<group>"; };
		D9926EBC1CEA62660057AD60 /* PlaylistBrowserTests.xctest */ = {isa = PBXFileReference; explicitFileType = wrapper.cfbundle; includeInIndex = 0; path = PlaylistBrowserTests.xctest; sourceTree = BUILT_PRODUCTS_DIR; };
		D9926EC01CEA62660057AD60 /* PlaylistBrowserTests.m */ = {isa = PBXFileReference; lastKnownFileType = sourcecode.c.objc; path = PlaylistBrowserTests.m; sourceTree = "<group>"; };
		D9926EC21CEA62660057AD60 /* Info.plist */ = {isa = PBXFileReference; lastKnownFileType = text.plist.xml; path = Info.plist; sourceTree = "<group>"; };
		D9926EC71CEA62660057AD60 /* PlaylistBrowserUITests.xctest */ = {isa = PBXFileReference; explicitFileType = wrapper.cfbundle; includeInIndex = 0; path = PlaylistBrowserUITests.xctest; sourceTree = BUILT_PRODUCTS_DIR; };
		D9926ECB1CEA62660057AD60 /* PlaylistBrowserUITests.m */ = {isa = PBXFileReference; lastKnownFileType = sourcecode.c.objc; path = PlaylistBrowserUITests.m; sourceTree = "<group>"; };
		D9926ECD1CEA62660057AD60 /* Info.plist */ = {isa = PBXFileReference; lastKnownFileType = text.plist.xml; path = Info.plist; sourceTree = "<group>"; };
		D9926ED91CEA62870057AD60 /* PlaylistMasterViewController.h */ = {isa = PBXFileReference; fileEncoding = 4; lastKnownFileType = sourcecode.c.h; path = PlaylistMasterViewController.h; sourceTree = "<group>"; };
		D9926EDA1CEA62870057AD60 /* PlaylistMasterViewController.m */ = {isa = PBXFileReference; fileEncoding = 4; lastKnownFileType = sourcecode.c.objc; path = PlaylistMasterViewController.m; sourceTree = "<group>"; };
		D9926EDB1CEA62870057AD60 /* PlaylistDetailViewController.h */ = {isa = PBXFileReference; fileEncoding = 4; lastKnownFileType = sourcecode.c.h; path = PlaylistDetailViewController.h; sourceTree = "<group>"; };
		D9926EDC1CEA62870057AD60 /* PlaylistDetailViewController.m */ = {isa = PBXFileReference; fileEncoding = 4; lastKnownFileType = sourcecode.c.objc; path = PlaylistDetailViewController.m; sourceTree = "<group>"; };
		D9926EDD1CEA62870057AD60 /* MusicLibrary.h */ = {isa = PBXFileReference; fileEncoding = 4; lastKnownFileType = sourcecode.c.h; path = MusicLibrary.h; sourceTree = "<group>"; };
		D9926EDE1CEA62870057AD60 /* MusicLibrary.m */ = {isa = PBXFileReference; fileEncoding = 4; lastKnownFileType = sourcecode.c.objc; path = MusicLibrary.m; sourceTree = "<group>"; };
		D9926EDF1CEA62870057AD60 /* Playlist.h */ = {isa = PBXFileReference; fileEncoding = 4; lastKnownFileType = sourcecode.c.h; path = Playlist.h; sourceTree = "<group>"; };
		D9926EE01CEA62870057AD60 /* Playlist.m */ = {isa = PBXFileReference; fileEncoding = 4; lastKnownFileType = sourcecode.c.objc; path = Playlist.m; sourceTree = "<group>"; };
/* End PBXFileReference section */

/* Begin PBXFrameworksBuildPhase section */
		D9926E9D1CEA62660057AD60 /* Frameworks */ = {
			isa = PBXFrameworksBuildPhase;
			buildActionMask = 2147483647;
			files = (
			);
			runOnlyForDeploymentPostprocessing = 0;
		};
		D9926EB91CEA62660057AD60 /* Frameworks */ = {
			isa = PBXFrameworksBuildPhase;
			buildActionMask = 2147483647;
			files = (
			);
			runOnlyForDeploymentPostprocessing = 0;
		};
		D9926EC41CEA62660057AD60 /* Frameworks */ = {
			isa = PBXFrameworksBuildPhase;
			buildActionMask = 2147483647;
			files = (
			);
			runOnlyForDeploymentPostprocessing = 0;
		};
/* End PBXFrameworksBuildPhase section */

/* Begin PBXGroup section */
		D9926E971CEA62660057AD60 = {
			isa = PBXGroup;
			children = (
				D9926EA21CEA62660057AD60 /* PlaylistBrowser */,
				D9926EBF1CEA62660057AD60 /* PlaylistBrowserTests */,
				D9926ECA1CEA62660057AD60 /* PlaylistBrowserUITests */,
				D9926EA11CEA62660057AD60 /* Products */,
			);
			sourceTree = "<group>";
		};
		D9926EA11CEA62660057AD60 /* Products */ = {
			isa = PBXGroup;
			children = (
				D9926EA01CEA62660057AD60 /* PlaylistBrowser.app */,
				D9926EBC1CEA62660057AD60 /* PlaylistBrowserTests.xctest */,
				D9926EC71CEA62660057AD60 /* PlaylistBrowserUITests.xctest */,
			);
			name = Products;
			sourceTree = "<group>";
		};
		D9926EA21CEA62660057AD60 /* PlaylistBrowser */ = {
			isa = PBXGroup;
			children = (
				D9926EA61CEA62660057AD60 /* AppDelegate.h */,
				D9926EA71CEA62660057AD60 /* AppDelegate.m */,
				D9926ED91CEA62870057AD60 /* PlaylistMasterViewController.h */,
				D9926EDA1CEA62870057AD60 /* PlaylistMasterViewController.m */,
				D9926EDB1CEA62870057AD60 /* PlaylistDetailViewController.h */,
				D9926EDC1CEA62870057AD60 /* PlaylistDetailViewController.m */,
				D9926EDD1CEA62870057AD60 /* MusicLibrary.h */,
				D9926EDE1CEA62870057AD60 /* MusicLibrary.m */,
				D9926EDF1CEA62870057AD60 /* Playlist.h */,
				D9926EE01CEA62870057AD60 /* Playlist.m */,
				D9926EAC1CEA62660057AD60 /* Main.storyboard */,
				D9926EB21CEA62660057AD60 /* Assets.xcassets */,
				D9926EB41CEA62660057AD60 /* LaunchScreen.storyboard */,
				D9926EB71CEA62660057AD60 /* Info.plist */,
				D9926EAF1CEA62660057AD60 /* PlaylistBrowser.xcdatamodeld */,
				D9926EA31CEA62660057AD60 /* Supporting Files */,
			);
			path = PlaylistBrowser;
			sourceTree = "<group>";
		};
		D9926EA31CEA62660057AD60 /* Supporting Files */ = {
			isa = PBXGroup;
			children = (
				D9926EA41CEA62660057AD60 /* main.m */,
			);
			name = "Supporting Files";
			sourceTree = "<group>";
		};
		D9926EBF1CEA62660057AD60 /* PlaylistBrowserTests */ = {
			isa = PBXGroup;
			children = (
				D9926EC01CEA62660057AD60 /* PlaylistBrowserTests.m */,
				D9926EC21CEA62660057AD60 /* Info.plist */,
			);
			path = PlaylistBrowserTests;
			sourceTree = "<group>";
		};
		D9926ECA1CEA62660057AD60 /* PlaylistBrowserUITests */ = {
			isa = PBXGroup;
			children = (
				D9926ECB1CEA62660057AD60 /* PlaylistBrowserUITests.m */,
				D9926ECD1CEA62660057AD60 /* Info.plist */,
			);
			path = PlaylistBrowserUITests;
			sourceTree = "<group>";
		};
/* End PBXGroup section */

/* Begin PBXNativeTarget section */
		D9926E9F1CEA62660057AD60 /* PlaylistBrowser */ = {
			isa = PBXNativeTarget;
			buildConfigurationList = D9926ED01CEA62660057AD60 /* Build configuration list for PBXNativeTarget "PlaylistBrowser" */;
			buildPhases = (
				D9926E9C1CEA62660057AD60 /* Sources */,
				D9926E9D1CEA62660057AD60 /* Frameworks */,
				D9926E9E1CEA62660057AD60 /* Resources */,
			);
			buildRules = (
			);
			dependencies = (
			);
			name = PlaylistBrowser;
			productName = PlaylistBrowser;
			productReference = D9926EA01CEA62660057AD60 /* PlaylistBrowser.app */;
			productType = "com.apple.product-type.application";
		};
		D9926EBB1CEA62660057AD60 /* PlaylistBrowserTests */ = {
			isa = PBXNativeTarget;
			buildConfigurationList = D9926ED31CEA62660057AD60 /* Build configuration list for PBXNativeTarget "PlaylistBrowserTests" */;
			buildPhases = (
				D9926EB81CEA62660057AD60 /* Sources */,
				D9926EB91CEA62660057AD60 /* Frameworks */,
				D9926EBA1CEA62660057AD60 /* Resources */,
			);
			buildRules = (
			);
			dependencies = (
				D9926EBE1CEA62660057AD60 /* PBXTargetDependency */,
			);
			name = PlaylistBrowserTests;
			productName = PlaylistBrowserTests;
			productReference = D9926EBC1CEA62660057AD60 /* PlaylistBrowserTests.xctest */;
			productType = "com.apple.product-type.bundle.unit-test";
		};
		D9926EC61CEA62660057AD60 /* PlaylistBrowserUITests */ = {
			isa = PBXNativeTarget;
			buildConfigurationList = D9926ED61CEA62660057AD60 /* Build configuration list for PBXNativeTarget "PlaylistBrowserUITests" */;
			buildPhases = (
				D9926EC31CEA62660057AD60 /* Sources */,
				D9926EC41CEA62660057AD60 /* Frameworks */,
				D9926EC51CEA62660057AD60 /* Resources */,
			);
			buildRules = (
			);
			dependencies = (
				D9926EC91CEA62660057AD60 /* PBXTargetDependency */,
			);
			name = PlaylistBrowserUITests;
			productName = PlaylistBrowserUITests;
			productReference = D9926EC71CEA62660057AD60 /* PlaylistBrowserUITests.xctest */;
			productType = "com.apple.product-type.bundle.ui-testing";
		};
/* End PBXNativeTarget section */

/* Begin PBXProject section */
		D9926E981CEA62660057AD60 /* Project object */ = {
			isa = PBXProject;
			attributes = {
				LastUpgradeCheck = 0730;
				ORGANIZATIONNAME = "Layne Faler";
				TargetAttributes = {
					D9926E9F1CEA62660057AD60 = {
						CreatedOnToolsVersion = 7.3.1;
					};
					D9926EBB1CEA62660057AD60 = {
						CreatedOnToolsVersion = 7.3.1;
						TestTargetID = D9926E9F1CEA62660057AD60;
					};
					D9926EC61CEA62660057AD60 = {
						CreatedOnToolsVersion = 7.3.1;
						TestTargetID = D9926E9F1CEA62660057AD60;
					};
				};
			};
			buildConfigurationList = D9926E9B1CEA62660057AD60 /* Build configuration list for PBXProject "PlaylistBrowser" */;
			compatibilityVersion = "Xcode 3.2";
			developmentRegion = English;
			hasScannedForEncodings = 0;
			knownRegions = (
				en,
				Base,
			);
			mainGroup = D9926E971CEA62660057AD60;
			productRefGroup = D9926EA11CEA62660057AD60 /* Products */;
			projectDirPath = "";
			projectRoot = "";
			targets = (
				D9926E9F1CEA62660057AD60 /* PlaylistBrowser */,
				D9926EBB1CEA62660057AD60 /* PlaylistBrowserTests */,
				D9926EC61CEA62660057AD60 /* PlaylistBrowserUITests */,
			);
		};
/* End PBXProject section */

/* Begin PBXResourcesBuildPhase section */
		D9926E9E1CEA62660057AD60 /* Resources */ = {
			isa = PBXResourcesBuildPhase;
			buildActionMask = 2147483647;
			files = (
				D9926EB61CEA62660057AD60 /* LaunchScreen.storyboard in Resources */,
				D9926EB31CEA62660057AD60 /* Assets.xcassets in Resources */,
				D9926EAE1CEA62660057AD60 /* Main.storyboard in Resources */,
			);
			runOnlyForDeploymentPostprocessing = 0;
		};
		D9926EBA1CEA62660057AD60 /* Resources */ = {
			isa = PBXResourcesBuildPhase;
			buildActionMask = 2147483647;
			files = (
			);
			runOnlyForDeploymentPostprocessing = 0;
		};
		D9926EC51CEA62660057AD60 /* Resources */ = {
			isa = PBXResourcesBuildPhase;
			buildActionMask = 2147483647;
			files = (
			);
			runOnlyForDeploymentPostprocessing = 0;
		};
/* End PBXResourcesBuildPhase section */

/* Begin PBXSourcesBuildPhase section */
		D9926E9C1CEA62660057AD60 /* Sources */ = {
			isa = PBXSourcesBuildPhase;
			buildActionMask = 2147483647;
			files = (
				D9926EA81CEA62660057AD60 /* AppDelegate.m in Sources */,
				D9926EB11CEA62660057AD60 /* PlaylistBrowser.xcdatamodeld in Sources */,
				D9926EE41CEA62870057AD60 /* Playlist.m in Sources */,
				D9926EE21CEA62870057AD60 /* PlaylistDetailViewController.m in Sources */,
				D9926EE11CEA62870057AD60 /* PlaylistMasterViewController.m in Sources */,
				D9926EA51CEA62660057AD60 /* main.m in Sources */,
				D9926EE31CEA62870057AD60 /* MusicLibrary.m in Sources */,
			);
			runOnlyForDeploymentPostprocessing = 0;
		};
		D9926EB81CEA62660057AD60 /* Sources */ = {
			isa = PBXSourcesBuildPhase;
			buildActionMask = 2147483647;
			files = (
				D9926EC11CEA62660057AD60 /* PlaylistBrowserTests.m in Sources */,
			);
			runOnlyForDeploymentPostprocessing = 0;
		};
		D9926EC31CEA62660057AD60 /* Sources */ = {
			isa = PBXSourcesBuildPhase;
			buildActionMask = 2147483647;
			files = (
				D9926ECC1CEA62660057AD60 /* PlaylistBrowserUITests.m in Sources */,
			);
			runOnlyForDeploymentPostprocessing = 0;
		};
/* End PBXSourcesBuildPhase section */

/* Begin PBXTargetDependency section */
		D9926EBE1CEA62660057AD60 /* PBXTargetDependency */ = {
			isa = PBXTargetDependency;
			target = D9926E9F1CEA62660057AD60 /* PlaylistBrowser */;
			targetProxy = D9926EBD1CEA62660057AD60 /* PBXContainerItemProxy */;
		};
		D9926EC91CEA62660057AD60 /* PBXTargetDependency */ = {
			isa = PBXTargetDependency;
			target = D9926E9F1CEA62660057AD60 /* PlaylistBrowser */;
			targetProxy = D9926EC81CEA62660057AD60 /* PBXContainerItemProxy */;
		};
/* End PBXTargetDependency section */

/* Begin PBXVariantGroup section */
		D9926EAC1CEA62660057AD60 /* Main.storyboard */ = {
			isa = PBXVariantGroup;
			children = (
				D9926EAD1CEA62660057AD60 /* Base */,
			);
			name = Main.storyboard;
			sourceTree = "<group>";
		};
		D9926EB41CEA62660057AD60 /* LaunchScreen.storyboard */ = {
			isa = PBXVariantGroup;
			children = (
				D9926EB51CEA62660057AD60 /* Base */,
			);
			name = LaunchScreen.storyboard;
			sourceTree = "<group>";
		};
/* End PBXVariantGroup section */

/* Begin XCBuildConfiguration section */
		D9926ECE1CEA62660057AD60 /* Debug */ = {
			isa = XCBuildConfiguration;
			buildSettings = {
				ALWAYS_SEARCH_USER_PATHS = NO;
				CLANG_ANALYZER_NONNULL = YES;
				CLANG_CXX_LANGUAGE_STANDARD = "gnu++0x";
				CLANG_CXX_LIBRARY = "libc++";
				CLANG_ENABLE_MODULES = YES;
				CLANG_ENABLE_OBJC_ARC = YES;
				CLANG_WARN_BOOL_CONVERSION = YES;
				CLANG_WARN_CONSTANT_CONVERSION = YES;
				CLANG_WARN_DIRECT_OBJC_ISA_USAGE = YES_ERROR;
				CLANG_WARN_EMPTY_BODY = YES;
				CLANG_WARN_ENUM_CONVERSION = YES;
				CLANG_WARN_INT_CONVERSION = YES;
				CLANG_WARN_OBJC_ROOT_CLASS = YES_ERROR;
				CLANG_WARN_UNREACHABLE_CODE = YES;
				CLANG_WARN__DUPLICATE_METHOD_MATCH = YES;
				"CODE_SIGN_IDENTITY[sdk=iphoneos*]" = "iPhone Developer";
				COPY_PHASE_STRIP = NO;
				DEBUG_INFORMATION_FORMAT = dwarf;
				ENABLE_STRICT_OBJC_MSGSEND = YES;
				ENABLE_TESTABILITY = YES;
				GCC_C_LANGUAGE_STANDARD = gnu99;
				GCC_DYNAMIC_NO_PIC = NO;
				GCC_NO_COMMON_BLOCKS = YES;
				GCC_OPTIMIZATION_LEVEL = 0;
				GCC_PREPROCESSOR_DEFINITIONS = (
					"DEBUG=1",
					"$(inherited)",
				);
				GCC_WARN_64_TO_32_BIT_CONVERSION = YES;
				GCC_WARN_ABOUT_RETURN_TYPE = YES_ERROR;
				GCC_WARN_UNDECLARED_SELECTOR = YES;
				GCC_WARN_UNINITIALIZED_AUTOS = YES_AGGRESSIVE;
				GCC_WARN_UNUSED_FUNCTION = YES;
				GCC_WARN_UNUSED_VARIABLE = YES;
				IPHONEOS_DEPLOYMENT_TARGET = 9.3;
				MTL_ENABLE_DEBUG_INFO = YES;
				ONLY_ACTIVE_ARCH = YES;
				SDKROOT = iphoneos;
			};
			name = Debug;
		};
		D9926ECF1CEA62660057AD60 /* Release */ = {
			isa = XCBuildConfiguration;
			buildSettings = {
				ALWAYS_SEARCH_USER_PATHS = NO;
				CLANG_ANALYZER_NONNULL = YES;
				CLANG_CXX_LANGUAGE_STANDARD = "gnu++0x";
				CLANG_CXX_LIBRARY = "libc++";
				CLANG_ENABLE_MODULES = YES;
				CLANG_ENABLE_OBJC_ARC = YES;
				CLANG_WARN_BOOL_CONVERSION = YES;
				CLANG_WARN_CONSTANT_CONVERSION = YES;
				CLANG_WARN_DIRECT_OBJC_ISA_USAGE = YES_ERROR;
				CLANG_WARN_EMPTY_BODY = YES;
				CLANG_WARN_ENUM_CONVERSION = YES;
				CLANG_WARN_INT_CONVERSION = YES;
				CLANG_WARN_OBJC_ROOT_CLASS = YES_ERROR;
				CLANG_WARN_UNREACHABLE_CODE = YES;
				CLANG_WARN__DUPLICATE_METHOD_MATCH = YES;
				"CODE_SIGN_IDENTITY[sdk=iphoneos*]" = "iPhone Developer";
				COPY_PHASE_STRIP = NO;
				DEBUG_INFORMATION_FORMAT = "dwarf-with-dsym";
				ENABLE_NS_ASSERTIONS = NO;
				ENABLE_STRICT_OBJC_MSGSEND = YES;
				GCC_C_LANGUAGE_STANDARD = gnu99;
				GCC_NO_COMMON_BLOCKS = YES;
				GCC_WARN_64_TO_32_BIT_CONVERSION = YES;
				GCC_WARN_ABOUT_RETURN_TYPE = YES_ERROR;
				GCC_WARN_UNDECLARED_SELECTOR = YES;
				GCC_WARN_UNINITIALIZED_AUTOS = YES_AGGRESSIVE;
				GCC_WARN_UNUSED_FUNCTION = YES;
				GCC_WARN_UNUSED_VARIABLE = YES;
				IPHONEOS_DEPLOYMENT_TARGET = 9.3;
				MTL_ENABLE_DEBUG_INFO = NO;
				SDKROOT = iphoneos;
				VALIDATE_PRODUCT = YES;
			};
			name = Release;
		};
		D9926ED11CEA62660057AD60 /* Debug */ = {
			isa = XCBuildConfiguration;
			buildSettings = {
				ASSETCATALOG_COMPILER_APPICON_NAME = AppIcon;
				INFOPLIST_FILE = PlaylistBrowser/Info.plist;
				LD_RUNPATH_SEARCH_PATHS = "$(inherited) @executable_path/Frameworks";
				PRODUCT_BUNDLE_IDENTIFIER = LayneFaler.PlaylistBrowser;
				PRODUCT_NAME = "$(TARGET_NAME)";
			};
			name = Debug;
		};
		D9926ED21CEA62660057AD60 /* Release */ = {
			isa = XCBuildConfiguration;
			buildSettings = {
				ASSETCATALOG_COMPILER_APPICON_NAME = AppIcon;
				INFOPLIST_FILE = PlaylistBrowser/Info.plist;
				LD_RUNPATH_SEARCH_PATHS = "$(inherited) @executable_path/Frameworks";
				PRODUCT_BUNDLE_IDENTIFIER = LayneFaler.PlaylistBrowser;
				PRODUCT_NAME = "$(TARGET_NAME)";
			};
			name = Release;
		};
		D9926ED41CEA62660057AD60 /* Debug */ = {
			isa = XCBuildConfiguration;
			buildSettings = {
				BUNDLE_LOADER = "$(TEST_HOST)";
				INFOPLIST_FILE = PlaylistBrowserTests/Info.plist;
				LD_RUNPATH_SEARCH_PATHS = "$(inherited) @executable_path/Frameworks @loader_path/Frameworks";
				PRODUCT_BUNDLE_IDENTIFIER = LayneFaler.PlaylistBrowserTests;
				PRODUCT_NAME = "$(TARGET_NAME)";
				TEST_HOST = "$(BUILT_PRODUCTS_DIR)/PlaylistBrowser.app/PlaylistBrowser";
			};
			name = Debug;
		};
		D9926ED51CEA62660057AD60 /* Release */ = {
			isa = XCBuildConfiguration;
			buildSettings = {
				BUNDLE_LOADER = "$(TEST_HOST)";
				INFOPLIST_FILE = PlaylistBrowserTests/Info.plist;
				LD_RUNPATH_SEARCH_PATHS = "$(inherited) @executable_path/Frameworks @loader_path/Frameworks";
				PRODUCT_BUNDLE_IDENTIFIER = LayneFaler.PlaylistBrowserTests;
				PRODUCT_NAME = "$(TARGET_NAME)";
				TEST_HOST = "$(BUILT_PRODUCTS_DIR)/PlaylistBrowser.app/PlaylistBrowser";
			};
			name = Release;
		};
		D9926ED71CEA62660057AD60 /* Debug */ = {
			isa = XCBuildConfiguration;
			buildSettings = {
				INFOPLIST_FILE = PlaylistBrowserUITests/Info.plist;
				LD_RUNPATH_SEARCH_PATHS = "$(inherited) @executable_path/Frameworks @loader_path/Frameworks";
				PRODUCT_BUNDLE_IDENTIFIER = LayneFaler.PlaylistBrowserUITests;
				PRODUCT_NAME = "$(TARGET_NAME)";
				TEST_TARGET_NAME = PlaylistBrowser;
			};
			name = Debug;
		};
		D9926ED81CEA62660057AD60 /* Release */ = {
			isa = XCBuildConfiguration;
			buildSettings = {
				INFOPLIST_FILE = PlaylistBrowserUITests/Info.plist;
				LD_RUNPATH_SEARCH_PATHS = "$(inherited) @executable_path/Frameworks @loader_path/Frameworks";
				PRODUCT_BUNDLE_IDENTIFIER = LayneFaler.PlaylistBrowserUITests;
				PRODUCT_NAME = "$(TARGET_NAME)";
				TEST_TARGET_NAME = PlaylistBrowser;
			};
			name = Release;
		};
/* End XCBuildConfiguration section */

/* Begin XCConfigurationList section */
		D9926E9B1CEA62660057AD60 /* Build configuration list for PBXProject "PlaylistBrowser" */ = {
			isa = XCConfigurationList;
			buildConfigurations = (
				D9926ECE1CEA62660057AD60 /* Debug */,
				D9926ECF1CEA62660057AD60 /* Release */,
			);
			defaultConfigurationIsVisible = 0;
			defaultConfigurationName = Release;
		};
		D9926ED01CEA62660057AD60 /* Build configuration list for PBXNativeTarget "PlaylistBrowser" */ = {
			isa = XCConfigurationList;
			buildConfigurations = (
				D9926ED11CEA62660057AD60 /* Debug */,
				D9926ED21CEA62660057AD60 /* Release */,
			);
			defaultConfigurationIsVisible = 0;
		};
		D9926ED31CEA62660057AD60 /* Build configuration list for PBXNativeTarget "PlaylistBrowserTests" */ = {
			isa = XCConfigurationList;
			buildConfigurations = (
				D9926ED41CEA62660057AD60 /* Debug */,
				D9926ED51CEA62660057AD60 /* Release */,
			);
			defaultConfigurationIsVisible = 0;
		};
		D9926ED61CEA62660057AD60 /* Build configuration list for PBXNativeTarget "PlaylistBrowserUITests" */ = {
			isa = XCConfigurationList;
			buildConfigurations = (
				D9926ED71CEA62660057AD60 /* Debug */,
				D9926ED81CEA62660057AD60 /* Release */,
			);
			defaultConfigurationIsVisible = 0;
		};
/* End XCConfigurationList section */

/* Begin XCVersionGroup section */
		D9926EAF1CEA62660057AD60 /* PlaylistBrowser.xcdatamodeld */ = {
			isa = XCVersionGroup;
			children = (
				D9926EB01CEA62660057AD60 /* PlaylistBrowser.xcdatamodel */,
			);
			currentVersion = D9926EB01CEA62660057AD60 /* PlaylistBrowser.xcdatamodel */;
			path = PlaylistBrowser.xcdatamodeld;
			sourceTree = "<group>";
			versionGroupType = wrapper.xcdatamodel;
		};
/* End XCVersionGroup section */
	};
	rootObject = D9926E981CEA62660057AD60 /* Project object */;
}
